
Microsoft Visual Studio Solution File, Format Version 12.00
# Visual Studio Version 16
VisualStudioVersion = 16.0.31727.386
MinimumVisualStudioVersion = 10.0.40219.1
Project("{9A19103F-16F7-4668-BE54-9A1E7A4F7556}") = "Targil0", "Targil0\Targil0.csproj", "{D067803D-4A43-4954-9DEF-6D960468CAA3}"
EndProject
Project("{2150E333-8FDC-42A3-9474-1A3956D46DE8}") = "Solution Items", "Solution Items", "{0B625F99-EC8C-49B6-9AF5-7AB8D77290C5}"
	ProjectSection(SolutionItems) = preProject
		README.md = README.md
	EndProjectSection
EndProject
Project("{2150E333-8FDC-42A3-9474-1A3956D46DE8}") = "Solution Items (2)", "Solution Items (2)", "{7C32107C-6682-4646-A1A3-5F39A42C2188}"
	ProjectSection(SolutionItems) = preProject
		README.md = README.md
	EndProjectSection
EndProject
Project("{9A19103F-16F7-4668-BE54-9A1E7A4F7556}") = "ConsoleUI", "ConsoleUI\ConsoleUI.csproj", "{40424628-CBA0-457F-AE3C-E6033FF27F9D}"
EndProject
Project("{9A19103F-16F7-4668-BE54-9A1E7A4F7556}") = "DAL", "DAL\DAL.csproj", "{9904F8BA-A835-49B2-ABE6-FCF99B29C7FC}"
EndProject
Project("{9A19103F-16F7-4668-BE54-9A1E7A4F7556}") = "BL", "BL\BL.csproj", "{777F2BAA-0EEC-4F47-88DE-D006503EFF41}"
EndProject
Project("{9A19103F-16F7-4668-BE54-9A1E7A4F7556}") = "ConsoleUI_BL", "ConsoleUI_BL\ConsoleUI_BL.csproj", "{F1F6D624-85EB-40BD-B66E-1E8AEA17FB57}"
EndProject
Project("{FAE04EC0-301F-11D3-BF4B-00C04F79EFBC}") = "PL", "PL\PL.csproj", "{3BD2D351-C175-4BDF-AEB9-F1962818D181}"
EndProject
Global
	GlobalSection(SolutionConfigurationPlatforms) = preSolution
		Debug|Any CPU = Debug|Any CPU
		Release|Any CPU = Release|Any CPU
	EndGlobalSection
	GlobalSection(ProjectConfigurationPlatforms) = postSolution
		{D067803D-4A43-4954-9DEF-6D960468CAA3}.Debug|Any CPU.ActiveCfg = Debug|Any CPU
		{D067803D-4A43-4954-9DEF-6D960468CAA3}.Debug|Any CPU.Build.0 = Debug|Any CPU
		{D067803D-4A43-4954-9DEF-6D960468CAA3}.Release|Any CPU.ActiveCfg = Release|Any CPU
		{D067803D-4A43-4954-9DEF-6D960468CAA3}.Release|Any CPU.Build.0 = Release|Any CPU
		{40424628-CBA0-457F-AE3C-E6033FF27F9D}.Debug|Any CPU.ActiveCfg = Debug|Any CPU
		{40424628-CBA0-457F-AE3C-E6033FF27F9D}.Debug|Any CPU.Build.0 = Debug|Any CPU
		{40424628-CBA0-457F-AE3C-E6033FF27F9D}.Release|Any CPU.ActiveCfg = Release|Any CPU
		{40424628-CBA0-457F-AE3C-E6033FF27F9D}.Release|Any CPU.Build.0 = Release|Any CPU
		{9904F8BA-A835-49B2-ABE6-FCF99B29C7FC}.Debug|Any CPU.ActiveCfg = Debug|Any CPU
		{9904F8BA-A835-49B2-ABE6-FCF99B29C7FC}.Debug|Any CPU.Build.0 = Debug|Any CPU
		{9904F8BA-A835-49B2-ABE6-FCF99B29C7FC}.Release|Any CPU.ActiveCfg = Release|Any CPU
		{9904F8BA-A835-49B2-ABE6-FCF99B29C7FC}.Release|Any CPU.Build.0 = Release|Any CPU
		{777F2BAA-0EEC-4F47-88DE-D006503EFF41}.Debug|Any CPU.ActiveCfg = Debug|Any CPU
		{777F2BAA-0EEC-4F47-88DE-D006503EFF41}.Debug|Any CPU.Build.0 = Debug|Any CPU
		{777F2BAA-0EEC-4F47-88DE-D006503EFF41}.Release|Any CPU.ActiveCfg = Release|Any CPU
		{777F2BAA-0EEC-4F47-88DE-D006503EFF41}.Release|Any CPU.Build.0 = Release|Any CPU
		{F1F6D624-85EB-40BD-B66E-1E8AEA17FB57}.Debug|Any CPU.ActiveCfg = Debug|Any CPU
		{F1F6D624-85EB-40BD-B66E-1E8AEA17FB57}.Debug|Any CPU.Build.0 = Debug|Any CPU
		{F1F6D624-85EB-40BD-B66E-1E8AEA17FB57}.Release|Any CPU.ActiveCfg = Release|Any CPU
		{F1F6D624-85EB-40BD-B66E-1E8AEA17FB57}.Release|Any CPU.Build.0 = Release|Any CPU
		{3BD2D351-C175-4BDF-AEB9-F1962818D181}.Debug|Any CPU.ActiveCfg = Debug|Any CPU
		{3BD2D351-C175-4BDF-AEB9-F1962818D181}.Debug|Any CPU.Build.0 = Debug|Any CPU
		{3BD2D351-C175-4BDF-AEB9-F1962818D181}.Release|Any CPU.ActiveCfg = Release|Any CPU
		{3BD2D351-C175-4BDF-AEB9-F1962818D181}.Release|Any CPU.Build.0 = Release|Any CPU
	EndGlobalSection
	GlobalSection(SolutionProperties) = preSolution
		HideSolutionNode = FALSE
	EndGlobalSection
	GlobalSection(ExtensibilityGlobals) = postSolution
		SolutionGuid = {F9F9B341-84AE-4D0E-95A2-FA6758D4F783}
	EndGlobalSection
EndGlobal
